// !$*UTF8*$!
{
	archiveVersion = 1;
	classes = {
	};
	objectVersion = 46;
	objects = {

/* Begin PBXBuildFile section */
		D1E272761B3E9969001A921A /* AppDelegate.swift in Sources */ = {isa = PBXBuildFile; fileRef = D1E272751B3E9969001A921A /* AppDelegate.swift */; };
		D1E272781B3E9969001A921A /* ViewController.swift in Sources */ = {isa = PBXBuildFile; fileRef = D1E272771B3E9969001A921A /* ViewController.swift */; };
		D1E2727B1B3E9969001A921A /* Main.storyboard in Resources */ = {isa = PBXBuildFile; fileRef = D1E272791B3E9969001A921A /* Main.storyboard */; };
		D1E2727D1B3E9969001A921A /* Images.xcassets in Resources */ = {isa = PBXBuildFile; fileRef = D1E2727C1B3E9969001A921A /* Images.xcassets */; };
		D1E272801B3E9969001A921A /* LaunchScreen.xib in Resources */ = {isa = PBXBuildFile; fileRef = D1E2727E1B3E9969001A921A /* LaunchScreen.xib */; };
		D1E2728C1B3E9969001A921A /* TimeAndSpaceTests.swift in Sources */ = {isa = PBXBuildFile; fileRef = D1E2728B1B3E9969001A921A /* TimeAndSpaceTests.swift */; };
/* End PBXBuildFile section */

/* Begin PBXContainerItemProxy section */
		D1E272861B3E9969001A921A /* PBXContainerItemProxy */ = {
			isa = PBXContainerItemProxy;
			containerPortal = D1E272681B3E9968001A921A /* Project object */;
			proxyType = 1;
			remoteGlobalIDString = D1E2726F1B3E9969001A921A;
			remoteInfo = TimeAndSpace;
		};
/* End PBXContainerItemProxy section */

/* Begin PBXFileReference section */
		D1E272701B3E9969001A921A /* TimeAndSpace.app */ = {isa = PBXFileReference; explicitFileType = wrapper.application; includeInIndex = 0; path = TimeAndSpace.app; sourceTree = BUILT_PRODUCTS_DIR; };
		D1E272741B3E9969001A921A /* Info.plist */ = {isa = PBXFileReference; lastKnownFileType = text.plist.xml; path = Info.plist; sourceTree = "<group>"; };
		D1E272751B3E9969001A921A /* AppDelegate.swift */ = {isa = PBXFileReference; lastKnownFileType = sourcecode.swift; path = AppDelegate.swift; sourceTree = "<group>"; };
		D1E272771B3E9969001A921A /* ViewController.swift */ = {isa = PBXFileReference; lastKnownFileType = sourcecode.swift; path = ViewController.swift; sourceTree = "<group>"; };
		D1E2727A1B3E9969001A921A /* Base */ = {isa = PBXFileReference; lastKnownFileType = file.storyboard; name = Base; path = Base.lproj/Main.storyboard; sourceTree = "<group>"; };
		D1E2727C1B3E9969001A921A /* Images.xcassets */ = {isa = PBXFileReference; lastKnownFileType = folder.assetcatalog; path = Images.xcassets; sourceTree = "<group>"; };
		D1E2727F1B3E9969001A921A /* Base */ = {isa = PBXFileReference; lastKnownFileType = file.xib; name = Base; path = Base.lproj/LaunchScreen.xib; sourceTree = "<group>"; };
		D1E272851B3E9969001A921A /* TimeAndSpaceTests.xctest */ = {isa = PBXFileReference; explicitFileType = wrapper.cfbundle; includeInIndex = 0; path = TimeAndSpaceTests.xctest; sourceTree = BUILT_PRODUCTS_DIR; };
		D1E2728A1B3E9969001A921A /* Info.plist */ = {isa = PBXFileReference; lastKnownFileType = text.plist.xml; path = Info.plist; sourceTree = "<group>"; };
		D1E2728B1B3E9969001A921A /* TimeAndSpaceTests.swift */ = {isa = PBXFileReference; lastKnownFileType = sourcecode.swift; path = TimeAndSpaceTests.swift; sourceTree = "<group>"; };
/* End PBXFileReference section */

/* Begin PBXFrameworksBuildPhase section */
		D1E2726D1B3E9969001A921A /* Frameworks */ = {
			isa = PBXFrameworksBuildPhase;
			buildActionMask = 2147483647;
			files = (
			);
			runOnlyForDeploymentPostprocessing = 0;
		};
		D1E272821B3E9969001A921A /* Frameworks */ = {
			isa = PBXFrameworksBuildPhase;
			buildActionMask = 2147483647;
			files = (
			);
			runOnlyForDeploymentPostprocessing = 0;
		};
/* End PBXFrameworksBuildPhase section */

/* Begin PBXGroup section */
		D1E272671B3E9968001A921A = {
			isa = PBXGroup;
			children = (
				D1E272721B3E9969001A921A /* TimeAndSpace */,
				D1E272881B3E9969001A921A /* TimeAndSpaceTests */,
				D1E272711B3E9969001A921A /* Products */,
			);
			sourceTree = "<group>";
		};
		D1E272711B3E9969001A921A /* Products */ = {
			isa = PBXGroup;
			children = (
				D1E272701B3E9969001A921A /* TimeAndSpace.app */,
				D1E272851B3E9969001A921A /* TimeAndSpaceTests.xctest */,
			);
			name = Products;
			sourceTree = "<group>";
		};
		D1E272721B3E9969001A921A /* TimeAndSpace */ = {
			isa = PBXGroup;
			children = (
				D1E272751B3E9969001A921A /* AppDelegate.swift */,
				D1E272771B3E9969001A921A /* ViewController.swift */,
				D1E272791B3E9969001A921A /* Main.storyboard */,
				D1E2727C1B3E9969001A921A /* Images.xcassets */,
				D1E2727E1B3E9969001A921A /* LaunchScreen.xib */,
				D1E272731B3E9969001A921A /* Supporting Files */,
			);
			path = TimeAndSpace;
			sourceTree = "<group>";
		};
		D1E272731B3E9969001A921A /* Supporting Files */ = {
			isa = PBXGroup;
			children = (
				D1E272741B3E9969001A921A /* Info.plist */,
			);
			name = "Supporting Files";
			sourceTree = "<group>";
		};
		D1E272881B3E9969001A921A /* TimeAndSpaceTests */ = {
			isa = PBXGroup;
			children = (
				D1E2728B1B3E9969001A921A /* TimeAndSpaceTests.swift */,
				D1E272891B3E9969001A921A /* Supporting Files */,
			);
			path = TimeAndSpaceTests;
			sourceTree = "<group>";
		};
		D1E272891B3E9969001A921A /* Supporting Files */ = {
			isa = PBXGroup;
			children = (
				D1E2728A1B3E9969001A921A /* Info.plist */,
			);
			name = "Supporting Files";
			sourceTree = "<group>";
		};
/* End PBXGroup section */

/* Begin PBXNativeTarget section */
		D1E2726F1B3E9969001A921A /* TimeAndSpace */ = {
			isa = PBXNativeTarget;
			buildConfigurationList = D1E2728F1B3E9969001A921A /* Build configuration list for PBXNativeTarget "TimeAndSpace" */;
			buildPhases = (
				D1E2726C1B3E9969001A921A /* Sources */,
				D1E2726D1B3E9969001A921A /* Frameworks */,
				D1E2726E1B3E9969001A921A /* Resources */,
			);
			buildRules = (
			);
			dependencies = (
			);
			name = TimeAndSpace;
			productName = TimeAndSpace;
			productReference = D1E272701B3E9969001A921A /* TimeAndSpace.app */;
			productType = "com.apple.product-type.application";
		};
		D1E272841B3E9969001A921A /* TimeAndSpaceTests */ = {
			isa = PBXNativeTarget;
			buildConfigurationList = D1E272921B3E9969001A921A /* Build configuration list for PBXNativeTarget "TimeAndSpaceTests" */;
			buildPhases = (
				D1E272811B3E9969001A921A /* Sources */,
				D1E272821B3E9969001A921A /* Frameworks */,
				D1E272831B3E9969001A921A /* Resources */,
			);
			buildRules = (
			);
			dependencies = (
				D1E272871B3E9969001A921A /* PBXTargetDependency */,
			);
			name = TimeAndSpaceTests;
			productName = TimeAndSpaceTests;
			productReference = D1E272851B3E9969001A921A /* TimeAndSpaceTests.xctest */;
			productType = "com.apple.product-type.bundle.unit-test";
		};
/* End PBXNativeTarget section */

/* Begin PBXProject section */
		D1E272681B3E9968001A921A /* Project object */ = {
			isa = PBXProject;
			attributes = {
				LastUpgradeCheck = 0630;
				ORGANIZATIONNAME = "Michael Ozeryansky";
				TargetAttributes = {
					D1E2726F1B3E9969001A921A = {
						CreatedOnToolsVersion = 6.3.2;
					};
					D1E272841B3E9969001A921A = {
						CreatedOnToolsVersion = 6.3.2;
						TestTargetID = D1E2726F1B3E9969001A921A;
					};
				};
			};
			buildConfigurationList = D1E2726B1B3E9968001A921A /* Build configuration list for PBXProject "TimeAndSpace" */;
			compatibilityVersion = "Xcode 3.2";
			developmentRegion = English;
			hasScannedForEncodings = 0;
			knownRegions = (
				en,
				Base,
			);
			mainGroup = D1E272671B3E9968001A921A;
			productRefGroup = D1E272711B3E9969001A921A /* Products */;
			projectDirPath = "";
			projectRoot = "";
			targets = (
				D1E2726F1B3E9969001A921A /* TimeAndSpace */,
				D1E272841B3E9969001A921A /* TimeAndSpaceTests */,
			);
		};
/* End PBXProject section */

/* Begin PBXResourcesBuildPhase section */
		D1E2726E1B3E9969001A921A /* Resources */ = {
			isa = PBXResourcesBuildPhase;
			buildActionMask = 2147483647;
			files = (
				D1E2727B1B3E9969001A921A /* Main.storyboard in Resources */,
				D1E272801B3E9969001A921A /* LaunchScreen.xib in Resources */,
				D1E2727D1B3E9969001A921A /* Images.xcassets in Resources */,
			);
			runOnlyForDeploymentPostprocessing = 0;
		};
		D1E272831B3E9969001A921A /* Resources */ = {
			isa = PBXResourcesBuildPhase;
			buildActionMask = 2147483647;
			files = (
			);
			runOnlyForDeploymentPostprocessing = 0;
		};
/* End PBXResourcesBuildPhase section */

/* Begin PBXSourcesBuildPhase section */
		D1E2726C1B3E9969001A921A /* Sources */ = {
			isa = PBXSourcesBuildPhase;
			buildActionMask = 2147483647;
			files = (
				D1E272781B3E9969001A921A /* ViewController.swift in Sources */,
				D1E272761B3E9969001A921A /* AppDelegate.swift in Sources */,
			);
			runOnlyForDeploymentPostprocessing = 0;
		};
		D1E272811B3E9969001A921A /* Sources */ = {
			isa = PBXSourcesBuildPhase;
			buildActionMask = 2147483647;
			files = (
				D1E2728C1B3E9969001A921A /* TimeAndSpaceTests.swift in Sources */,
			);
			runOnlyForDeploymentPostprocessing = 0;
		};
/* End PBXSourcesBuildPhase section */

/* Begin PBXTargetDependency section */
		D1E272871B3E9969001A921A /* PBXTargetDependency */ = {
			isa = PBXTargetDependency;
			target = D1E2726F1B3E9969001A921A /* TimeAndSpace */;
			targetProxy = D1E272861B3E9969001A921A /* PBXContainerItemProxy */;
		};
/* End PBXTargetDependency section */

/* Begin PBXVariantGroup section */
		D1E272791B3E9969001A921A /* Main.storyboard */ = {
			isa = PBXVariantGroup;
			children = (
				D1E2727A1B3E9969001A921A /* Base */,
			);
			name = Main.storyboard;
			sourceTree = "<group>";
		};
		D1E2727E1B3E9969001A921A /* LaunchScreen.xib */ = {
			isa = PBXVariantGroup;
			children = (
				D1E2727F1B3E9969001A921A /* Base */,
			);
			name = LaunchScreen.xib;
			sourceTree = "<group>";
		};
/* End PBXVariantGroup section */

/* Begin XCBuildConfiguration section */
		D1E2728D1B3E9969001A921A /* Debug */ = {
			isa = XCBuildConfiguration;
			buildSettings = {
				ALWAYS_SEARCH_USER_PATHS = NO;
				CLANG_CXX_LANGUAGE_STANDARD = "gnu++0x";
				CLANG_CXX_LIBRARY = "libc++";
				CLANG_ENABLE_MODULES = YES;
				CLANG_ENABLE_OBJC_ARC = YES;
				CLANG_WARN_BOOL_CONVERSION = YES;
				CLANG_WARN_CONSTANT_CONVERSION = YES;
				CLANG_WARN_DIRECT_OBJC_ISA_USAGE = YES_ERROR;
				CLANG_WARN_EMPTY_BODY = YES;
				CLANG_WARN_ENUM_CONVERSION = YES;
				CLANG_WARN_INT_CONVERSION = YES;
				CLANG_WARN_OBJC_ROOT_CLASS = YES_ERROR;
				CLANG_WARN_UNREACHABLE_CODE = YES;
				CLANG_WARN__DUPLICATE_METHOD_MATCH = YES;
				"CODE_SIGN_IDENTITY[sdk=iphoneos*]" = "iPhone Developer";
				COPY_PHASE_STRIP = NO;
				DEBUG_INFORMATION_FORMAT = "dwarf-with-dsym";
				ENABLE_STRICT_OBJC_MSGSEND = YES;
				GCC_C_LANGUAGE_STANDARD = gnu99;
				GCC_DYNAMIC_NO_PIC = NO;
				GCC_NO_COMMON_BLOCKS = YES;
				GCC_OPTIMIZATION_LEVEL = 0;
				GCC_PREPROCESSOR_DEFINITIONS = (
					"DEBUG=1",
					"$(inherited)",
				);
				GCC_SYMBOLS_PRIVATE_EXTERN = NO;
				GCC_WARN_64_TO_32_BIT_CONVERSION = YES;
				GCC_WARN_ABOUT_RETURN_TYPE = YES_ERROR;
				GCC_WARN_UNDECLARED_SELECTOR = YES;
				GCC_WARN_UNINITIALIZED_AUTOS = YES_AGGRESSIVE;
				GCC_WARN_UNUSED_FUNCTION = YES;
				GCC_WARN_UNUSED_VARIABLE = YES;
				IPHONEOS_DEPLOYMENT_TARGET = 8.3;
				MTL_ENABLE_DEBUG_INFO = YES;
				ONLY_ACTIVE_ARCH = YES;
				SDKROOT = iphoneos;
				SWIFT_OPTIMIZATION_LEVEL = "-Onone";
				TARGETED_DEVICE_FAMILY = "1,2";
			};
			name = Debug;
		};
		D1E2728E1B3E9969001A921A /* Release */ = {
			isa = XCBuildConfiguration;
			buildSettings = {
				ALWAYS_SEARCH_USER_PATHS = NO;
				CLANG_CXX_LANGUAGE_STANDARD = "gnu++0x";
				CLANG_CXX_LIBRARY = "libc++";
				CLANG_ENABLE_MODULES = YES;
				CLANG_ENABLE_OBJC_ARC = YES;
				CLANG_WARN_BOOL_CONVERSION = YES;
				CLANG_WARN_CONSTANT_CONVERSION = YES;
				CLANG_WARN_DIRECT_OBJC_ISA_USAGE = YES_ERROR;
				CLANG_WARN_EMPTY_BODY = YES;
				CLANG_WARN_ENUM_CONVERSION = YES;
				CLANG_WARN_INT_CONVERSION = YES;
				CLANG_WARN_OBJC_ROOT_CLASS = YES_ERROR;
				CLANG_WARN_UNREACHABLE_CODE = YES;
				CLANG_WARN__DUPLICATE_METHOD_MATCH = YES;
				"CODE_SIGN_IDENTITY[sdk=iphoneos*]" = "iPhone Developer";
				COPY_PHASE_STRIP = NO;
				DEBUG_INFORMATION_FORMAT = "dwarf-with-dsym";
				ENABLE_NS_ASSERTIONS = NO;
				ENABLE_STRICT_OBJC_MSGSEND = YES;
				GCC_C_LANGUAGE_STANDARD = gnu99;
				GCC_NO_COMMON_BLOCKS = YES;
				GCC_WARN_64_TO_32_BIT_CONVERSION = YES;
				GCC_WARN_ABOUT_RETURN_TYPE = YES_ERROR;
				GCC_WARN_UNDECLARED_SELECTOR = YES;
				GCC_WARN_UNINITIALIZED_AUTOS = YES_AGGRESSIVE;
				GCC_WARN_UNUSED_FUNCTION = YES;
				GCC_WARN_UNUSED_VARIABLE = YES;
				IPHONEOS_DEPLOYMENT_TARGET = 8.3;
				MTL_ENABLE_DEBUG_INFO = NO;
				SDKROOT = iphoneos;
				TARGETED_DEVICE_FAMILY = "1,2";
				VALIDATE_PRODUCT = YES;
			};
			name = Release;
		};
		D1E272901B3E9969001A921A /* Debug */ = {
			isa = XCBuildConfiguration;
			buildSettings = {
				ASSETCATALOG_COMPILER_APPICON_NAME = AppIcon;
				INFOPLIST_FILE = TimeAndSpace/Info.plist;
				LD_RUNPATH_SEARCH_PATHS = "$(inherited) @executable_path/Frameworks";
				PRODUCT_NAME = "$(TARGET_NAME)";
			};
			name = Debug;
		};
		D1E272911B3E9969001A921A /* Release */ = {
			isa = XCBuildConfiguration;
			buildSettings = {
				ASSETCATALOG_COMPILER_APPICON_NAME = AppIcon;
				INFOPLIST_FILE = TimeAndSpace/Info.plist;
				LD_RUNPATH_SEARCH_PATHS = "$(inherited) @executable_path/Frameworks";
				PRODUCT_NAME = "$(TARGET_NAME)";
			};
			name = Release;
		};
		D1E272931B3E9969001A921A /* Debug */ = {
			isa = XCBuildConfiguration;
			buildSettings = {
				BUNDLE_LOADER = "$(TEST_HOST)";
				FRAMEWORK_SEARCH_PATHS = (
					"$(SDKROOT)/Developer/Library/Frameworks",
					"$(inherited)",
				);
				GCC_PREPROCESSOR_DEFINITIONS = (
					"DEBUG=1",
					"$(inherited)",
				);
				INFOPLIST_FILE = TimeAndSpaceTests/Info.plist;
				LD_RUNPATH_SEARCH_PATHS = "$(inherited) @executable_path/Frameworks @loader_path/Frameworks";
				PRODUCT_NAME = "$(TARGET_NAME)";
				TEST_HOST = "$(BUILT_PRODUCTS_DIR)/TimeAndSpace.app/TimeAndSpace";
			};
			name = Debug;
		};
		D1E272941B3E9969001A921A /* Release */ = {
			isa = XCBuildConfiguration;
			buildSettings = {
				BUNDLE_LOADER = "$(TEST_HOST)";
				FRAMEWORK_SEARCH_PATHS = (
					"$(SDKROOT)/Developer/Library/Frameworks",
					"$(inherited)",
				);
				INFOPLIST_FILE = TimeAndSpaceTests/Info.plist;
				LD_RUNPATH_SEARCH_PATHS = "$(inherited) @executable_path/Frameworks @loader_path/Frameworks";
				PRODUCT_NAME = "$(TARGET_NAME)";
				TEST_HOST = "$(BUILT_PRODUCTS_DIR)/TimeAndSpace.app/TimeAndSpace";
			};
			name = Release;
		};
/* End XCBuildConfiguration section */

/* Begin XCConfigurationList section */
		D1E2726B1B3E9968001A921A /* Build configuration list for PBXProject "TimeAndSpace" */ = {
			isa = XCConfigurationList;
			buildConfigurations = (
				D1E2728D1B3E9969001A921A /* Debug */,
				D1E2728E1B3E9969001A921A /* Release */,
			);
			defaultConfigurationIsVisible = 0;
			defaultConfigurationName = Release;
		};
		D1E2728F1B3E9969001A921A /* Build configuration list for PBXNativeTarget "TimeAndSpace" */ = {
			isa = XCConfigurationList;
			buildConfigurations = (
				D1E272901B3E9969001A921A /* Debug */,
				D1E272911B3E9969001A921A /* Release */,
			);
			defaultConfigurationIsVisible = 0;
		};
		D1E272921B3E9969001A921A /* Build configuration list for PBXNativeTarget "TimeAndSpaceTests" */ = {
			isa = XCConfigurationList;
			buildConfigurations = (
				D1E272931B3E9969001A921A /* Debug */,
				D1E272941B3E9969001A921A /* Release */,
			);
			defaultConfigurationIsVisible = 0;
		};
/* End XCConfigurationList section */
	};
	rootObject = D1E272681B3E9968001A921A /* Project object */;
}
